
Microsoft Visual Studio Solution File, Format Version 12.00
# Visual Studio Version 16
VisualStudioVersion = 16.0.32602.291
MinimumVisualStudioVersion = 10.0.40219.1
Project("{FAE04EC0-301F-11D3-BF4B-00C04F79EFBC}") = "Exquad", "Exquad.csproj", "{95A18481-113E-417E-9F41-0459AB354A43}"
EndProject
Global
	GlobalSection(SolutionConfigurationPlatforms) = preSolution
		Debug|Any CPU = Debug|Any CPU
		Release|Any CPU = Release|Any CPU
	EndGlobalSection
	GlobalSection(ProjectConfigurationPlatforms) = postSolution
		{95A18481-113E-417E-9F41-0459AB354A43}.Debug|Any CPU.ActiveCfg = Debug|Any CPU
		{95A18481-113E-417E-9F41-0459AB354A43}.Debug|Any CPU.Build.0 = Debug|Any CPU
		{95A18481-113E-417E-9F41-0459AB354A43}.Release|Any CPU.ActiveCfg = Release|Any CPU
		{95A18481-113E-417E-9F41-0459AB354A43}.Release|Any CPU.Build.0 = Release|Any CPU
	EndGlobalSection
	GlobalSection(SolutionProperties) = preSolution
		HideSolutionNode = FALSE
	EndGlobalSection
	GlobalSection(ExtensibilityGlobals) = postSolution
		SolutionGuid = {641207BF-829F-46C4-A5B0-CE1B077D9247}
	EndGlobalSection
EndGlobal
